
Microsoft Visual Studio Solution File, Format Version 12.00
# Visual Studio Version 16
VisualStudioVersion = 25.0.1706.0
MinimumVisualStudioVersion = 10.0.40219.1
Project("{FAE04EC0-301F-11D3-BF4B-00C04F79EFBC}") = "PokémonApplication", "test\PokémonApplication.csproj", "{1DC25372-C441-49F6-83D6-707D9EA709A9}"
EndProject
Global
	GlobalSection(SolutionConfigurationPlatforms) = preSolution
		Debug|Any CPU = Debug|Any CPU
		Release|Any CPU = Release|Any CPU
	EndGlobalSection
	GlobalSection(ProjectConfigurationPlatforms) = postSolution
		{1DC25372-C441-49F6-83D6-707D9EA709A9}.Debug|Any CPU.ActiveCfg = Debug|Any CPU
		{1DC25372-C441-49F6-83D6-707D9EA709A9}.Debug|Any CPU.Build.0 = Debug|Any CPU
		{1DC25372-C441-49F6-83D6-707D9EA709A9}.Release|Any CPU.ActiveCfg = Release|Any CPU
		{1DC25372-C441-49F6-83D6-707D9EA709A9}.Release|Any CPU.Build.0 = Release|Any CPU
	EndGlobalSection
	GlobalSection(SolutionProperties) = preSolution
		HideSolutionNode = FALSE
	EndGlobalSection
	GlobalSection(ExtensibilityGlobals) = postSolution
		SolutionGuid = {59E65571-0ECE-4250-8B00-269F67D71379}
	EndGlobalSection
EndGlobal
